// !$*UTF8*$!
{
	archiveVersion = 1;
	classes = {
	};
	objectVersion = 46;
	objects = {

/* Begin PBXBuildFile section */
		DB23BA1B1F705AEB00921E00 /* main.m in Sources */ = {isa = PBXBuildFile; fileRef = DB23BA1A1F705AEB00921E00 /* main.m */; };
		DB23BA1E1F705AEB00921E00 /* AppDelegate.m in Sources */ = {isa = PBXBuildFile; fileRef = DB23BA1D1F705AEB00921E00 /* AppDelegate.m */; };
		DB23BA211F705AEB00921E00 /* Home.m in Sources */ = {isa = PBXBuildFile; fileRef = DB23BA201F705AEB00921E00 /* Home.m */; };
		DB23BA241F705AEB00921E00 /* Main.storyboard in Resources */ = {isa = PBXBuildFile; fileRef = DB23BA221F705AEB00921E00 /* Main.storyboard */; };
		DB23BA271F705AEB00921E00 /* Terea_2.xcdatamodeld in Sources */ = {isa = PBXBuildFile; fileRef = DB23BA251F705AEB00921E00 /* Terea_2.xcdatamodeld */; };
		DB23BA291F705AEB00921E00 /* Assets.xcassets in Resources */ = {isa = PBXBuildFile; fileRef = DB23BA281F705AEB00921E00 /* Assets.xcassets */; };
		DB23BA2C1F705AEB00921E00 /* LaunchScreen.storyboard in Resources */ = {isa = PBXBuildFile; fileRef = DB23BA2A1F705AEB00921E00 /* LaunchScreen.storyboard */; };
/* End PBXBuildFile section */

/* Begin PBXFileReference section */
		DB23BA161F705AEB00921E00 /* Terea 2.app */ = {isa = PBXFileReference; explicitFileType = wrapper.application; includeInIndex = 0; path = "Terea 2.app"; sourceTree = BUILT_PRODUCTS_DIR; };
		DB23BA1A1F705AEB00921E00 /* main.m */ = {isa = PBXFileReference; lastKnownFileType = sourcecode.c.objc; path = main.m; sourceTree = "<group>"; };
		DB23BA1C1F705AEB00921E00 /* AppDelegate.h */ = {isa = PBXFileReference; lastKnownFileType = sourcecode.c.h; path = AppDelegate.h; sourceTree = "<group>"; };
		DB23BA1D1F705AEB00921E00 /* AppDelegate.m */ = {isa = PBXFileReference; lastKnownFileType = sourcecode.c.objc; path = AppDelegate.m; sourceTree = "<group>"; };
		DB23BA1F1F705AEB00921E00 /* Home.h */ = {isa = PBXFileReference; lastKnownFileType = sourcecode.c.h; path = Home.h; sourceTree = "<group>"; };
		DB23BA201F705AEB00921E00 /* Home.m */ = {isa = PBXFileReference; lastKnownFileType = sourcecode.c.objc; path = Home.m; sourceTree = "<group>"; };
		DB23BA231F705AEB00921E00 /* Base */ = {isa = PBXFileReference; lastKnownFileType = file.storyboard; name = Base; path = Base.lproj/Main.storyboard; sourceTree = "<group>"; };
		DB23BA261F705AEB00921E00 /* Terea_2.xcdatamodel */ = {isa = PBXFileReference; lastKnownFileType = wrapper.xcdatamodel; path = Terea_2.xcdatamodel; sourceTree = "<group>"; };
		DB23BA281F705AEB00921E00 /* Assets.xcassets */ = {isa = PBXFileReference; lastKnownFileType = folder.assetcatalog; path = Assets.xcassets; sourceTree = "<group>"; };
		DB23BA2B1F705AEB00921E00 /* Base */ = {isa = PBXFileReference; lastKnownFileType = file.storyboard; name = Base; path = Base.lproj/LaunchScreen.storyboard; sourceTree = "<group>"; };
		DB23BA2D1F705AEB00921E00 /* Info.plist */ = {isa = PBXFileReference; lastKnownFileType = text.plist.xml; path = Info.plist; sourceTree = "<group>"; };
/* End PBXFileReference section */

/* Begin PBXFrameworksBuildPhase section */
		DB23BA131F705AEB00921E00 /* Frameworks */ = {
			isa = PBXFrameworksBuildPhase;
			buildActionMask = 2147483647;
			files = (
			);
			runOnlyForDeploymentPostprocessing = 0;
		};
/* End PBXFrameworksBuildPhase section */

/* Begin PBXGroup section */
		DB23BA0D1F705AEB00921E00 = {
			isa = PBXGroup;
			children = (
				DB23BA181F705AEB00921E00 /* Terea 2 */,
				DB23BA171F705AEB00921E00 /* Products */,
			);
			sourceTree = "<group>";
		};
		DB23BA171F705AEB00921E00 /* Products */ = {
			isa = PBXGroup;
			children = (
				DB23BA161F705AEB00921E00 /* Terea 2.app */,
			);
			name = Products;
			sourceTree = "<group>";
		};
		DB23BA181F705AEB00921E00 /* Terea 2 */ = {
			isa = PBXGroup;
			children = (
				DB23BA331F705AF200921E00 /* Main */,
				DB23BA341F705B2700921E00 /* Controllers */,
				DB23BA221F705AEB00921E00 /* Main.storyboard */,
				DB23BA281F705AEB00921E00 /* Assets.xcassets */,
				DB23BA2A1F705AEB00921E00 /* LaunchScreen.storyboard */,
				DB23BA2D1F705AEB00921E00 /* Info.plist */,
				DB23BA251F705AEB00921E00 /* Terea_2.xcdatamodeld */,
				DB23BA191F705AEB00921E00 /* Supporting Files */,
			);
			path = "Terea 2";
			sourceTree = "<group>";
		};
		DB23BA191F705AEB00921E00 /* Supporting Files */ = {
			isa = PBXGroup;
			children = (
				DB23BA1A1F705AEB00921E00 /* main.m */,
			);
			name = "Supporting Files";
			sourceTree = "<group>";
		};
		DB23BA331F705AF200921E00 /* Main */ = {
			isa = PBXGroup;
			children = (
				DB23BA1C1F705AEB00921E00 /* AppDelegate.h */,
				DB23BA1D1F705AEB00921E00 /* AppDelegate.m */,
			);
			name = Main;
			sourceTree = "<group>";
		};
		DB23BA341F705B2700921E00 /* Controllers */ = {
			isa = PBXGroup;
			children = (
				DB23BA1F1F705AEB00921E00 /* Home.h */,
				DB23BA201F705AEB00921E00 /* Home.m */,
			);
			name = Controllers;
			sourceTree = "<group>";
		};
/* End PBXGroup section */

/* Begin PBXNativeTarget section */
		DB23BA151F705AEB00921E00 /* Terea 2 */ = {
			isa = PBXNativeTarget;
			buildConfigurationList = DB23BA301F705AEB00921E00 /* Build configuration list for PBXNativeTarget "Terea 2" */;
			buildPhases = (
				DB23BA121F705AEB00921E00 /* Sources */,
				DB23BA131F705AEB00921E00 /* Frameworks */,
				DB23BA141F705AEB00921E00 /* Resources */,
			);
			buildRules = (
			);
			dependencies = (
			);
			name = "Terea 2";
			productName = "Terea 2";
			productReference = DB23BA161F705AEB00921E00 /* Terea 2.app */;
			productType = "com.apple.product-type.application";
		};
/* End PBXNativeTarget section */

/* Begin PBXProject section */
		DB23BA0E1F705AEB00921E00 /* Project object */ = {
			isa = PBXProject;
			attributes = {
				LastUpgradeCheck = 0830;
				ORGANIZATIONNAME = 2drink;
				TargetAttributes = {
					DB23BA151F705AEB00921E00 = {
						CreatedOnToolsVersion = 8.3.3;
						ProvisioningStyle = Automatic;
					};
				};
			};
			buildConfigurationList = DB23BA111F705AEB00921E00 /* Build configuration list for PBXProject "Terea 2" */;
			compatibilityVersion = "Xcode 3.2";
			developmentRegion = English;
			hasScannedForEncodings = 0;
			knownRegions = (
				en,
				Base,
			);
			mainGroup = DB23BA0D1F705AEB00921E00;
			productRefGroup = DB23BA171F705AEB00921E00 /* Products */;
			projectDirPath = "";
			projectRoot = "";
			targets = (
				DB23BA151F705AEB00921E00 /* Terea 2 */,
			);
		};
/* End PBXProject section */

/* Begin PBXResourcesBuildPhase section */
		DB23BA141F705AEB00921E00 /* Resources */ = {
			isa = PBXResourcesBuildPhase;
			buildActionMask = 2147483647;
			files = (
				DB23BA2C1F705AEB00921E00 /* LaunchScreen.storyboard in Resources */,
				DB23BA291F705AEB00921E00 /* Assets.xcassets in Resources */,
				DB23BA241F705AEB00921E00 /* Main.storyboard in Resources */,
			);
			runOnlyForDeploymentPostprocessing = 0;
		};
/* End PBXResourcesBuildPhase section */

/* Begin PBXSourcesBuildPhase section */
		DB23BA121F705AEB00921E00 /* Sources */ = {
			isa = PBXSourcesBuildPhase;
			buildActionMask = 2147483647;
			files = (
				DB23BA211F705AEB00921E00 /* Home.m in Sources */,
				DB23BA1E1F705AEB00921E00 /* AppDelegate.m in Sources */,
				DB23BA271F705AEB00921E00 /* Terea_2.xcdatamodeld in Sources */,
				DB23BA1B1F705AEB00921E00 /* main.m in Sources */,
			);
			runOnlyForDeploymentPostprocessing = 0;
		};
/* End PBXSourcesBuildPhase section */

/* Begin PBXVariantGroup section */
		DB23BA221F705AEB00921E00 /* Main.storyboard */ = {
			isa = PBXVariantGroup;
			children = (
				DB23BA231F705AEB00921E00 /* Base */,
			);
			name = Main.storyboard;
			sourceTree = "<group>";
		};
		DB23BA2A1F705AEB00921E00 /* LaunchScreen.storyboard */ = {
			isa = PBXVariantGroup;
			children = (
				DB23BA2B1F705AEB00921E00 /* Base */,
			);
			name = LaunchScreen.storyboard;
			sourceTree = "<group>";
		};
/* End PBXVariantGroup section */

/* Begin XCBuildConfiguration section */
		DB23BA2E1F705AEB00921E00 /* Debug */ = {
			isa = XCBuildConfiguration;
			buildSettings = {
				ALWAYS_SEARCH_USER_PATHS = NO;
				CLANG_ANALYZER_NONNULL = YES;
				CLANG_ANALYZER_NUMBER_OBJECT_CONVERSION = YES_AGGRESSIVE;
				CLANG_CXX_LANGUAGE_STANDARD = "gnu++0x";
				CLANG_CXX_LIBRARY = "libc++";
				CLANG_ENABLE_MODULES = YES;
				CLANG_ENABLE_OBJC_ARC = YES;
				CLANG_WARN_BOOL_CONVERSION = YES;
				CLANG_WARN_CONSTANT_CONVERSION = YES;
				CLANG_WARN_DIRECT_OBJC_ISA_USAGE = YES_ERROR;
				CLANG_WARN_DOCUMENTATION_COMMENTS = YES;
				CLANG_WARN_EMPTY_BODY = YES;
				CLANG_WARN_ENUM_CONVERSION = YES;
				CLANG_WARN_INFINITE_RECURSION = YES;
				CLANG_WARN_INT_CONVERSION = YES;
				CLANG_WARN_OBJC_ROOT_CLASS = YES_ERROR;
				CLANG_WARN_SUSPICIOUS_MOVE = YES;
				CLANG_WARN_UNREACHABLE_CODE = YES;
				CLANG_WARN__DUPLICATE_METHOD_MATCH = YES;
				"CODE_SIGN_IDENTITY[sdk=iphoneos*]" = "iPhone Developer";
				COPY_PHASE_STRIP = NO;
				DEBUG_INFORMATION_FORMAT = dwarf;
				ENABLE_STRICT_OBJC_MSGSEND = YES;
				ENABLE_TESTABILITY = YES;
				GCC_C_LANGUAGE_STANDARD = gnu99;
				GCC_DYNAMIC_NO_PIC = NO;
				GCC_NO_COMMON_BLOCKS = YES;
				GCC_OPTIMIZATION_LEVEL = 0;
				GCC_PREPROCESSOR_DEFINITIONS = (
					"DEBUG=1",
					"$(inherited)",
				);
				GCC_WARN_64_TO_32_BIT_CONVERSION = YES;
				GCC_WARN_ABOUT_RETURN_TYPE = YES_ERROR;
				GCC_WARN_UNDECLARED_SELECTOR = YES;
				GCC_WARN_UNINITIALIZED_AUTOS = YES_AGGRESSIVE;
				GCC_WARN_UNUSED_FUNCTION = YES;
				GCC_WARN_UNUSED_VARIABLE = YES;
				IPHONEOS_DEPLOYMENT_TARGET = 10.3;
				MTL_ENABLE_DEBUG_INFO = YES;
				ONLY_ACTIVE_ARCH = YES;
				SDKROOT = iphoneos;
			};
			name = Debug;
		};
		DB23BA2F1F705AEB00921E00 /* Release */ = {
			isa = XCBuildConfiguration;
			buildSettings = {
				ALWAYS_SEARCH_USER_PATHS = NO;
				CLANG_ANALYZER_NONNULL = YES;
				CLANG_ANALYZER_NUMBER_OBJECT_CONVERSION = YES_AGGRESSIVE;
				CLANG_CXX_LANGUAGE_STANDARD = "gnu++0x";
				CLANG_CXX_LIBRARY = "libc++";
				CLANG_ENABLE_MODULES = YES;
				CLANG_ENABLE_OBJC_ARC = YES;
				CLANG_WARN_BOOL_CONVERSION = YES;
				CLANG_WARN_CONSTANT_CONVERSION = YES;
				CLANG_WARN_DIRECT_OBJC_ISA_USAGE = YES_ERROR;
				CLANG_WARN_DOCUMENTATION_COMMENTS = YES;
				CLANG_WARN_EMPTY_BODY = YES;
				CLANG_WARN_ENUM_CONVERSION = YES;
				CLANG_WARN_INFINITE_RECURSION = YES;
				CLANG_WARN_INT_CONVERSION = YES;
				CLANG_WARN_OBJC_ROOT_CLASS = YES_ERROR;
				CLANG_WARN_SUSPICIOUS_MOVE = YES;
				CLANG_WARN_UNREACHABLE_CODE = YES;
				CLANG_WARN__DUPLICATE_METHOD_MATCH = YES;
				"CODE_SIGN_IDENTITY[sdk=iphoneos*]" = "iPhone Developer";
				COPY_PHASE_STRIP = NO;
				DEBUG_INFORMATION_FORMAT = "dwarf-with-dsym";
				ENABLE_NS_ASSERTIONS = NO;
				ENABLE_STRICT_OBJC_MSGSEND = YES;
				GCC_C_LANGUAGE_STANDARD = gnu99;
				GCC_NO_COMMON_BLOCKS = YES;
				GCC_WARN_64_TO_32_BIT_CONVERSION = YES;
				GCC_WARN_ABOUT_RETURN_TYPE = YES_ERROR;
				GCC_WARN_UNDECLARED_SELECTOR = YES;
				GCC_WARN_UNINITIALIZED_AUTOS = YES_AGGRESSIVE;
				GCC_WARN_UNUSED_FUNCTION = YES;
				GCC_WARN_UNUSED_VARIABLE = YES;
				IPHONEOS_DEPLOYMENT_TARGET = 10.3;
				MTL_ENABLE_DEBUG_INFO = NO;
				SDKROOT = iphoneos;
				VALIDATE_PRODUCT = YES;
			};
			name = Release;
		};
		DB23BA311F705AEB00921E00 /* Debug */ = {
			isa = XCBuildConfiguration;
			buildSettings = {
				ASSETCATALOG_COMPILER_APPICON_NAME = AppIcon;
				INFOPLIST_FILE = "Terea 2/Info.plist";
				LD_RUNPATH_SEARCH_PATHS = "$(inherited) @executable_path/Frameworks";
				PRODUCT_BUNDLE_IDENTIFIER = "com.2drink.Terea-2";
				PRODUCT_NAME = "$(TARGET_NAME)";
			};
			name = Debug;
		};
		DB23BA321F705AEB00921E00 /* Release */ = {
			isa = XCBuildConfiguration;
			buildSettings = {
				ASSETCATALOG_COMPILER_APPICON_NAME = AppIcon;
				INFOPLIST_FILE = "Terea 2/Info.plist";
				LD_RUNPATH_SEARCH_PATHS = "$(inherited) @executable_path/Frameworks";
				PRODUCT_BUNDLE_IDENTIFIER = "com.2drink.Terea-2";
				PRODUCT_NAME = "$(TARGET_NAME)";
			};
			name = Release;
		};
/* End XCBuildConfiguration section */

/* Begin XCConfigurationList section */
		DB23BA111F705AEB00921E00 /* Build configuration list for PBXProject "Terea 2" */ = {
			isa = XCConfigurationList;
			buildConfigurations = (
				DB23BA2E1F705AEB00921E00 /* Debug */,
				DB23BA2F1F705AEB00921E00 /* Release */,
			);
			defaultConfigurationIsVisible = 0;
			defaultConfigurationName = Release;
		};
		DB23BA301F705AEB00921E00 /* Build configuration list for PBXNativeTarget "Terea 2" */ = {
			isa = XCConfigurationList;
			buildConfigurations = (
				DB23BA311F705AEB00921E00 /* Debug */,
				DB23BA321F705AEB00921E00 /* Release */,
			);
			defaultConfigurationIsVisible = 0;
		};
/* End XCConfigurationList section */

/* Begin XCVersionGroup section */
		DB23BA251F705AEB00921E00 /* Terea_2.xcdatamodeld */ = {
			isa = XCVersionGroup;
			children = (
				DB23BA261F705AEB00921E00 /* Terea_2.xcdatamodel */,
			);
			currentVersion = DB23BA261F705AEB00921E00 /* Terea_2.xcdatamodel */;
			path = Terea_2.xcdatamodeld;
			sourceTree = "<group>";
			versionGroupType = wrapper.xcdatamodel;
		};
/* End XCVersionGroup section */
	};
	rootObject = DB23BA0E1F705AEB00921E00 /* Project object */;
}
